{
    "_meta": {
        "hash": {
            "sha256": "bf88d17ab44b390e4ccf01a8e34dc5756ea037f30fa16b3980b2299fc511201b"
        },
        "pipfile-spec": 6,
        "requires": {
            "python_version": "3.9"
        },
        "sources": [
            {
                "name": "pypi",
                "url": "https://pypi.org/simple",
                "verify_ssl": true
            }
        ]
    },
    "default": {
        "numpy": {
            "hashes": [
                "sha256:1676b0a292dd3c99e49305a16d7a9f42a4ab60ec522eac0d3dd20cdf362ac010",
                "sha256:16f221035e8bd19b9dc9a57159e38d2dd060b48e93e1d843c49cb370b0f415fd",
                "sha256:43909c8bb289c382170e0282158a38cf306a8ad2ff6dfadc447e90f9961bef43",
                "sha256:4e465afc3b96dbc80cf4a5273e5e2b1e3451286361b4af70ce1adb2984d392f9",
                "sha256:55b745fca0a5ab738647d0e4db099bd0a23279c32b31a783ad2ccea729e632df",
                "sha256:5d050e1e4bc9ddb8656d7b4f414557720ddcca23a5b88dd7cff65e847864c400",
                "sha256:637d827248f447e63585ca3f4a7d2dfaa882e094df6cfa177cc9cf9cd6cdf6d2",
                "sha256:6690080810f77485667bfbff4f69d717c3be25e5b11bb2073e76bb3f578d99b4",
                "sha256:66fbc6fed94a13b9801fb70b96ff30605ab0a123e775a5e7a26938b717c5d71a",
                "sha256:67d44acb72c31a97a3d5d33d103ab06d8ac20770e1c5ad81bdb3f0c086a56cf6",
                "sha256:6ca2b85a5997dabc38301a22ee43c82adcb53ff660b89ee88dded6b33687e1d8",
                "sha256:6e51534e78d14b4a009a062641f465cfaba4fdcb046c3ac0b1f61dd97c861b1b",
                "sha256:70eb5808127284c4e5c9e836208e09d685a7978b6a216db85960b1a112eeace8",
                "sha256:830b044f4e64a76ba71448fce6e604c0fc47a0e54d8f6467be23749ac2cbd2fb",
                "sha256:8b7bb4b9280da3b2856cb1fc425932f46fba609819ee1c62256f61799e6a51d2",
                "sha256:a9c65473ebc342715cb2d7926ff1e202c26376c0dcaaee85a1fd4b8d8c1d3b2f",
                "sha256:c1c09247ccea742525bdb5f4b5ceeacb34f95731647fe55774aa36557dbb5fa4",
                "sha256:c5bf0e132acf7557fc9bb8ded8b53bbbbea8892f3c9a1738205878ca9434206a",
                "sha256:db250fd3e90117e0312b611574cd1b3f78bec046783195075cbd7ba9c3d73f16",
                "sha256:e515c9a93aebe27166ec9593411c58494fa98e5fcc219e47260d9ab8a1cc7f9f",
                "sha256:e55185e51b18d788e49fe8305fd73ef4470596b33fc2c1ceb304566b99c71a69",
                "sha256:ea9cff01e75a956dbee133fa8e5b68f2f92175233de2f88de3a682dd94deda65",
                "sha256:f1452578d0516283c87608a5a5548b0cdde15b99650efdfd85182102ef7a7c17",
                "sha256:f39a995e47cb8649673cfa0579fbdd1cdd33ea497d1728a6cb194d6252268e48"
            ],
            "index": "pypi",
            "version": "==1.20.3"
        },
        "pyqt6": {
            "hashes": [
                "sha256:52b7c390b0f02f21a3d74f345208efc52f8dd9e2d385811a4d8a8a51925a64a9",
                "sha256:9b45df6c404d7297598b91378d1e3f9bdf0970553ebb53c192a9051576098f9b",
                "sha256:b9c982cd26873ca74a7cf369db9634c415ab3fd6892102feea440d06f8ad46b6",
                "sha256:f29ee1a314a20a6c51601f27ed889244f156a77a2b3e1a435dc6ac587eb97904"
            ],
            "index": "pypi",
            "version": "==6.1.0"
        },
        "pyqt6-sip": {
            "hashes": [
                "sha256:04c5f6dd0c5be27f27be286e500cf1dd718b9e00b735b88b5e2ada74d86326e6",
                "sha256:1afbba8d83a55164e150e04f8ed52a3a5292a347ddaecbc6f0b819fadccdb176",
                "sha256:48fab3bc4121d77c081102ad074f63deeae4736b1a88dd19fe05364421f28376",
                "sha256:5d5001c1ed83b0b9946f5a2b9a9b27f9631dc6613306f88f3946437205d176be",
                "sha256:6f0c3fa80b81bb28701772b9d89e11fe3677591048b18d50224bea0138063597",
                "sha256:7c31073fe8e6cb8a42e85d60d3a096700a9047c772b354d6227dfe965566ec8a",
                "sha256:a892f66d506a7adc40c03d95ef54c152614f32c2975f534cd9deb44ca94d1124",
                "sha256:c20fdbc8f50052242c84680d9cf1580dd815b2d55ae73e71885864b0320b3585",
                "sha256:c6d017380c0a3e8ef94f6eecc119a056ec3e6f71c9c5b7957a1c2dc51007901f",
                "sha256:da4742ad9a983dd384a28d743dd14c47de4842ab476c90a36e8f261998cf83ec",
                "sha256:ee7e635aadc3d3baaeb8ec509e562d7d6cc5c6d738cb874186f076742a2aec27",
                "sha256:f36c6c73137b835024f0bcefe17b74a1fcacd759ebf1a01460f353ced1c34a30",
                "sha256:f591414ea4e3029a4873286496b6685d6a260249f0375657c1043e4db5a5514c"
            ],
            "markers": "python_version >= '3.6'",
            "version": "==13.1.0"
        },
        "pyqtgraph": {
            "hashes": [
                "sha256:174a57300751bc41148a654d735218f3d6c76590b3107c9a43b9514294045b80",
                "sha256:d2ef3b5289184fb48dfe5f44ccb58d9d64ffb5452fc524a2bd7a640a36b3874d"
            ],
            "index": "pypi",
            "version": "==0.12.1"
        }
    },
    "develop": {}
}
